{
  "name": "quickly-chong",
  "version": "1.0.0",
  "lockfileVersion": 1,
  "requires": true,
  "dependencies": {
    "@vant/area-data": {
      "version": "1.4.1",
      "resolved": "https://registry.npmmirror.com/@vant/area-data/-/area-data-1.4.1.tgz",
      "integrity": "sha512-D8zI/rfxREhnIKGoYzsEJZ73fte4JARhFeFftLIH7ynu1sPrCBEgPkLEbwPyvw3VC4JdSIuzaK5uOhu+BcoPXw=="
    },
    "@vant/weapp": {
      "version": "1.10.21",
      "resolved": "https://registry.npmmirror.com/@vant/weapp/-/weapp-1.10.21.tgz",
      "integrity": "sha512-U/yjHDUGEk/Pg+PJ4spEedKCIH0xPZd2gV15QiLUR3tmlXUNGVAIgU8Mv6NsvFd8Aq7mQuah9xa2A3jtpzbk+g=="
    }
  }
}
