{
  "name": "quickly-chong",
  "version": "1.0.0",
  "lockfileVersion": 1,
  "requires": true,
  "dependencies": {
    "@vant/area-data": {
      "version": "1.5.0",
      "resolved": "https://registry.npmmirror.com/@vant/area-data/-/area-data-1.5.0.tgz",
      "integrity": "sha512-SWmDhYmWiOgtAgtJqcW7N4XyGgrg/7l6t1+XSgt8BkPp2oOKO1ZUn8+46brLpT/gzRe/v8BtyTLmdBwMamrmQw=="
    },
    "@vant/weapp": {
      "version": "1.10.21",
      "resolved": "https://registry.npmmirror.com/@vant/weapp/-/weapp-1.10.21.tgz",
      "integrity": "sha512-U/yjHDUGEk/Pg+PJ4spEedKCIH0xPZd2gV15QiLUR3tmlXUNGVAIgU8Mv6NsvFd8Aq7mQuah9xa2A3jtpzbk+g=="
    }
  }
}
